
Microsoft Visual Studio Solution File, Format Version 12.00
# Visual Studio Version 16
VisualStudioVersion = 16.0.33214.272
MinimumVisualStudioVersion = 10.0.40219.1
Project("{FAE04EC0-301F-11D3-BF4B-00C04F79EFBC}") = "ElevatorSystemApp", "ElevatorSystemApp.csproj", "{7035944C-9032-40A9-B438-C9C2CDCED253}"
EndProject
Global
	GlobalSection(SolutionConfigurationPlatforms) = preSolution
		Debug|Any CPU = Debug|Any CPU
		Release|Any CPU = Release|Any CPU
	EndGlobalSection
	GlobalSection(ProjectConfigurationPlatforms) = postSolution
		{7035944C-9032-40A9-B438-C9C2CDCED253}.Debug|Any CPU.ActiveCfg = Debug|Any CPU
		{7035944C-9032-40A9-B438-C9C2CDCED253}.Debug|Any CPU.Build.0 = Debug|Any CPU
		{7035944C-9032-40A9-B438-C9C2CDCED253}.Release|Any CPU.ActiveCfg = Release|Any CPU
		{7035944C-9032-40A9-B438-C9C2CDCED253}.Release|Any CPU.Build.0 = Release|Any CPU
	EndGlobalSection
	GlobalSection(SolutionProperties) = preSolution
		HideSolutionNode = FALSE
	EndGlobalSection
	GlobalSection(ExtensibilityGlobals) = postSolution
		SolutionGuid = {7DD3B74E-C766-4F3D-82FA-87906B5B474B}
	EndGlobalSection
EndGlobal
